// !$*UTF8*$!
{
	archiveVersion = 1;
	classes = {
	};
	objectVersion = 56;
	objects = {

/* Begin PBXBuildFile section */
		EF5839362C048EF200CE9337 /* AppDelegate.swift in Sources */ = {isa = PBXBuildFile; fileRef = EF5839352C048EF200CE9337 /* AppDelegate.swift */; };
		EF5839382C048EF200CE9337 /* SceneDelegate.swift in Sources */ = {isa = PBXBuildFile; fileRef = EF5839372C048EF200CE9337 /* SceneDelegate.swift */; };
		EF58393A2C048EF200CE9337 /* ViewController.swift in Sources */ = {isa = PBXBuildFile; fileRef = EF5839392C048EF200CE9337 /* ViewController.swift */; };
		EF58393D2C048EF200CE9337 /* Base in Resources */ = {isa = PBXBuildFile; fileRef = EF58393C2C048EF200CE9337 /* Base */; };
		EF58393F2C048EF400CE9337 /* Assets.xcassets in Resources */ = {isa = PBXBuildFile; fileRef = EF58393E2C048EF400CE9337 /* Assets.xcassets */; };
		EF5839422C048EF400CE9337 /* Base in Resources */ = {isa = PBXBuildFile; fileRef = EF5839412C048EF400CE9337 /* Base */; };
		EF58394D2C049BBA00CE9337 /* AssetsLibrary.framework in Frameworks */ = {isa = PBXBuildFile; fileRef = EF58394C2C049BBA00CE9337 /* AssetsLibrary.framework */; };
		EF58394F2C049C3700CE9337 /* CoreGraphics.framework in Frameworks */ = {isa = PBXBuildFile; fileRef = EF58394E2C049C3700CE9337 /* CoreGraphics.framework */; };
		EF5839512C049C4D00CE9337 /* CoreMedia.framework in Frameworks */ = {isa = PBXBuildFile; fileRef = EF5839502C049C4D00CE9337 /* CoreMedia.framework */; };
		EF5839532C049C5900CE9337 /* CoreFoundation.framework in Frameworks */ = {isa = PBXBuildFile; fileRef = EF5839522C049C5900CE9337 /* CoreFoundation.framework */; };
		EF5839552C049C6500CE9337 /* Accelerate.framework in Frameworks */ = {isa = PBXBuildFile; fileRef = EF5839542C049C6500CE9337 /* Accelerate.framework */; };
		EF58395B2C049E3D00CE9337 /* OpenCVWrapper.mm in Sources */ = {isa = PBXBuildFile; fileRef = EF58395A2C049E3C00CE9337 /* OpenCVWrapper.mm */; };
/* End PBXBuildFile section */

/* Begin PBXFileReference section */
		EF5839322C048EF200CE9337 /* OpenCVCanny.app */ = {isa = PBXFileReference; explicitFileType = wrapper.application; includeInIndex = 0; path = OpenCVCanny.app; sourceTree = BUILT_PRODUCTS_DIR; };
		EF5839352C048EF200CE9337 /* AppDelegate.swift */ = {isa = PBXFileReference; lastKnownFileType = sourcecode.swift; path = AppDelegate.swift; sourceTree = "<group>"; };
		EF5839372C048EF200CE9337 /* SceneDelegate.swift */ = {isa = PBXFileReference; lastKnownFileType = sourcecode.swift; path = SceneDelegate.swift; sourceTree = "<group>"; };
		EF5839392C048EF200CE9337 /* ViewController.swift */ = {isa = PBXFileReference; lastKnownFileType = sourcecode.swift; path = ViewController.swift; sourceTree = "<group>"; };
		EF58393C2C048EF200CE9337 /* Base */ = {isa = PBXFileReference; lastKnownFileType = file.storyboard; name = Base; path = Base.lproj/Main.storyboard; sourceTree = "<group>"; };
		EF58393E2C048EF400CE9337 /* Assets.xcassets */ = {isa = PBXFileReference; lastKnownFileType = folder.assetcatalog; path = Assets.xcassets; sourceTree = "<group>"; };
		EF5839412C048EF400CE9337 /* Base */ = {isa = PBXFileReference; lastKnownFileType = file.storyboard; name = Base; path = Base.lproj/LaunchScreen.storyboard; sourceTree = "<group>"; };
		EF5839432C048EF400CE9337 /* Info.plist */ = {isa = PBXFileReference; lastKnownFileType = text.plist.xml; path = Info.plist; sourceTree = "<group>"; };
		EF58394C2C049BBA00CE9337 /* AssetsLibrary.framework */ = {isa = PBXFileReference; lastKnownFileType = wrapper.framework; name = AssetsLibrary.framework; path = System/Library/Frameworks/AssetsLibrary.framework; sourceTree = SDKROOT; };
		EF58394E2C049C3700CE9337 /* CoreGraphics.framework */ = {isa = PBXFileReference; lastKnownFileType = wrapper.framework; name = CoreGraphics.framework; path = System/Library/Frameworks/CoreGraphics.framework; sourceTree = SDKROOT; };
		EF5839502C049C4D00CE9337 /* CoreMedia.framework */ = {isa = PBXFileReference; lastKnownFileType = wrapper.framework; name = CoreMedia.framework; path = System/Library/Frameworks/CoreMedia.framework; sourceTree = SDKROOT; };
		EF5839522C049C5900CE9337 /* CoreFoundation.framework */ = {isa = PBXFileReference; lastKnownFileType = wrapper.framework; name = CoreFoundation.framework; path = System/Library/Frameworks/CoreFoundation.framework; sourceTree = SDKROOT; };
		EF5839542C049C6500CE9337 /* Accelerate.framework */ = {isa = PBXFileReference; lastKnownFileType = wrapper.framework; name = Accelerate.framework; path = System/Library/Frameworks/Accelerate.framework; sourceTree = SDKROOT; };
		EF5839562C049DB100CE9337 /* OpenCVCanny-Bridging-Header.h */ = {isa = PBXFileReference; lastKnownFileType = sourcecode.c.h; path = "OpenCVCanny-Bridging-Header.h"; sourceTree = "<group>"; };
		EF5839572C049DB100CE9337 /* OpenCVWrapper.h */ = {isa = PBXFileReference; lastKnownFileType = sourcecode.c.h; path = OpenCVWrapper.h; sourceTree = "<group>"; };
		EF58395A2C049E3C00CE9337 /* OpenCVWrapper.mm */ = {isa = PBXFileReference; fileEncoding = 4; lastKnownFileType = sourcecode.cpp.objcpp; path = OpenCVWrapper.mm; sourceTree = "<group>"; };
		EF58395D2C049F8800CE9337 /* PrefixHeader.pch */ = {isa = PBXFileReference; fileEncoding = 4; lastKnownFileType = sourcecode.c.h; path = PrefixHeader.pch; sourceTree = SOURCE_ROOT; };
/* End PBXFileReference section */

/* Begin PBXFrameworksBuildPhase section */
		EF58392F2C048EF200CE9337 /* Frameworks */ = {
			isa = PBXFrameworksBuildPhase;
			buildActionMask = 2147483647;
			files = (
				EF5839552C049C6500CE9337 /* Accelerate.framework in Frameworks */,
				EF5839532C049C5900CE9337 /* CoreFoundation.framework in Frameworks */,
				EF5839512C049C4D00CE9337 /* CoreMedia.framework in Frameworks */,
				EF58394F2C049C3700CE9337 /* CoreGraphics.framework in Frameworks */,
				EF58394D2C049BBA00CE9337 /* AssetsLibrary.framework in Frameworks */,
			);
			runOnlyForDeploymentPostprocessing = 0;
		};
/* End PBXFrameworksBuildPhase section */

/* Begin PBXGroup section */
		EF5839292C048EF200CE9337 = {
			isa = PBXGroup;
			children = (
				EF5839342C048EF200CE9337 /* OpenCVCanny */,
				EF5839332C048EF200CE9337 /* Products */,
				EF58394B2C049BB000CE9337 /* Frameworks */,
			);
			sourceTree = "<group>";
		};
		EF5839332C048EF200CE9337 /* Products */ = {
			isa = PBXGroup;
			children = (
				EF5839322C048EF200CE9337 /* OpenCVCanny.app */,
			);
			name = Products;
			sourceTree = "<group>";
		};
		EF5839342C048EF200CE9337 /* OpenCVCanny */ = {
			isa = PBXGroup;
			children = (
				EF58395D2C049F8800CE9337 /* PrefixHeader.pch */,
				EF5839352C048EF200CE9337 /* AppDelegate.swift */,
				EF5839372C048EF200CE9337 /* SceneDelegate.swift */,
				EF5839392C048EF200CE9337 /* ViewController.swift */,
				EF58393B2C048EF200CE9337 /* Main.storyboard */,
				EF58393E2C048EF400CE9337 /* Assets.xcassets */,
				EF5839402C048EF400CE9337 /* LaunchScreen.storyboard */,
				EF5839432C048EF400CE9337 /* Info.plist */,
				EF5839572C049DB100CE9337 /* OpenCVWrapper.h */,
				EF58395A2C049E3C00CE9337 /* OpenCVWrapper.mm */,
				EF5839562C049DB100CE9337 /* OpenCVCanny-Bridging-Header.h */,
			);
			path = OpenCVCanny;
			sourceTree = "<group>";
		};
		EF58394B2C049BB000CE9337 /* Frameworks */ = {
			isa = PBXGroup;
			children = (
				EF5839542C049C6500CE9337 /* Accelerate.framework */,
				EF5839522C049C5900CE9337 /* CoreFoundation.framework */,
				EF5839502C049C4D00CE9337 /* CoreMedia.framework */,
				EF58394E2C049C3700CE9337 /* CoreGraphics.framework */,
				EF58394C2C049BBA00CE9337 /* AssetsLibrary.framework */,
			);
			name = Frameworks;
			sourceTree = "<group>";
		};
/* End PBXGroup section */

/* Begin PBXNativeTarget section */
		EF5839312C048EF200CE9337 /* OpenCVCanny */ = {
			isa = PBXNativeTarget;
			buildConfigurationList = EF5839462C048EF400CE9337 /* Build configuration list for PBXNativeTarget "OpenCVCanny" */;
			buildPhases = (
				EF58392E2C048EF200CE9337 /* Sources */,
				EF58392F2C048EF200CE9337 /* Frameworks */,
				EF5839302C048EF200CE9337 /* Resources */,
			);
			buildRules = (
			);
			dependencies = (
			);
			name = OpenCVCanny;
			productName = OpenCVCanny;
			productReference = EF5839322C048EF200CE9337 /* OpenCVCanny.app */;
			productType = "com.apple.product-type.application";
		};
/* End PBXNativeTarget section */

/* Begin PBXProject section */
		EF58392A2C048EF200CE9337 /* Project object */ = {
			isa = PBXProject;
			attributes = {
				BuildIndependentTargetsInParallel = 1;
				LastSwiftUpdateCheck = 1530;
				LastUpgradeCheck = 1530;
				TargetAttributes = {
					EF5839312C048EF200CE9337 = {
						CreatedOnToolsVersion = 15.3;
						LastSwiftMigration = 1530;
					};
				};
			};
			buildConfigurationList = EF58392D2C048EF200CE9337 /* Build configuration list for PBXProject "OpenCVCanny" */;
			compatibilityVersion = "Xcode 14.0";
			developmentRegion = en;
			hasScannedForEncodings = 0;
			knownRegions = (
				en,
				Base,
			);
			mainGroup = EF5839292C048EF200CE9337;
			productRefGroup = EF5839332C048EF200CE9337 /* Products */;
			projectDirPath = "";
			projectRoot = "";
			targets = (
				EF5839312C048EF200CE9337 /* OpenCVCanny */,
			);
		};
/* End PBXProject section */

/* Begin PBXResourcesBuildPhase section */
		EF5839302C048EF200CE9337 /* Resources */ = {
			isa = PBXResourcesBuildPhase;
			buildActionMask = 2147483647;
			files = (
				EF58393F2C048EF400CE9337 /* Assets.xcassets in Resources */,
				EF5839422C048EF400CE9337 /* Base in Resources */,
				EF58393D2C048EF200CE9337 /* Base in Resources */,
			);
			runOnlyForDeploymentPostprocessing = 0;
		};
/* End PBXResourcesBuildPhase section */

/* Begin PBXSourcesBuildPhase section */
		EF58392E2C048EF200CE9337 /* Sources */ = {
			isa = PBXSourcesBuildPhase;
			buildActionMask = 2147483647;
			files = (
				EF58395B2C049E3D00CE9337 /* OpenCVWrapper.mm in Sources */,
				EF58393A2C048EF200CE9337 /* ViewController.swift in Sources */,
				EF5839362C048EF200CE9337 /* AppDelegate.swift in Sources */,
				EF5839382C048EF200CE9337 /* SceneDelegate.swift in Sources */,
			);
			runOnlyForDeploymentPostprocessing = 0;
		};
/* End PBXSourcesBuildPhase section */

/* Begin PBXVariantGroup section */
		EF58393B2C048EF200CE9337 /* Main.storyboard */ = {
			isa = PBXVariantGroup;
			children = (
				EF58393C2C048EF200CE9337 /* Base */,
			);
			name = Main.storyboard;
			sourceTree = "<group>";
		};
		EF5839402C048EF400CE9337 /* LaunchScreen.storyboard */ = {
			isa = PBXVariantGroup;
			children = (
				EF5839412C048EF400CE9337 /* Base */,
			);
			name = LaunchScreen.storyboard;
			sourceTree = "<group>";
		};
/* End PBXVariantGroup section */

/* Begin XCBuildConfiguration section */
		EF5839442C048EF400CE9337 /* Debug */ = {
			isa = XCBuildConfiguration;
			buildSettings = {
				ALWAYS_SEARCH_USER_PATHS = NO;
				ASSETCATALOG_COMPILER_GENERATE_SWIFT_ASSET_SYMBOL_EXTENSIONS = YES;
				CLANG_ANALYZER_NONNULL = YES;
				CLANG_ANALYZER_NUMBER_OBJECT_CONVERSION = YES_AGGRESSIVE;
				CLANG_CXX_LANGUAGE_STANDARD = "gnu++20";
				CLANG_ENABLE_MODULES = YES;
				CLANG_ENABLE_OBJC_ARC = YES;
				CLANG_ENABLE_OBJC_WEAK = YES;
				CLANG_WARN_BLOCK_CAPTURE_AUTORELEASING = YES;
				CLANG_WARN_BOOL_CONVERSION = YES;
				CLANG_WARN_COMMA = YES;
				CLANG_WARN_CONSTANT_CONVERSION = YES;
				CLANG_WARN_DEPRECATED_OBJC_IMPLEMENTATIONS = YES;
				CLANG_WARN_DIRECT_OBJC_ISA_USAGE = YES_ERROR;
				CLANG_WARN_DOCUMENTATION_COMMENTS = YES;
				CLANG_WARN_EMPTY_BODY = YES;
				CLANG_WARN_ENUM_CONVERSION = YES;
				CLANG_WARN_INFINITE_RECURSION = YES;
				CLANG_WARN_INT_CONVERSION = YES;
				CLANG_WARN_NON_LITERAL_NULL_CONVERSION = YES;
				CLANG_WARN_OBJC_IMPLICIT_RETAIN_SELF = YES;
				CLANG_WARN_OBJC_LITERAL_CONVERSION = YES;
				CLANG_WARN_OBJC_ROOT_CLASS = YES_ERROR;
				CLANG_WARN_QUOTED_INCLUDE_IN_FRAMEWORK_HEADER = YES;
				CLANG_WARN_RANGE_LOOP_ANALYSIS = YES;
				CLANG_WARN_STRICT_PROTOTYPES = YES;
				CLANG_WARN_SUSPICIOUS_MOVE = YES;
				CLANG_WARN_UNGUARDED_AVAILABILITY = YES_AGGRESSIVE;
				CLANG_WARN_UNREACHABLE_CODE = YES;
				CLANG_WARN__DUPLICATE_METHOD_MATCH = YES;
				COPY_PHASE_STRIP = NO;
				DEBUG_INFORMATION_FORMAT = dwarf;
				ENABLE_STRICT_OBJC_MSGSEND = YES;
				ENABLE_TESTABILITY = YES;
				ENABLE_USER_SCRIPT_SANDBOXING = YES;
				GCC_C_LANGUAGE_STANDARD = gnu17;
				GCC_DYNAMIC_NO_PIC = NO;
				GCC_NO_COMMON_BLOCKS = YES;
				GCC_OPTIMIZATION_LEVEL = 0;
				GCC_PREPROCESSOR_DEFINITIONS = (
					"DEBUG=1",
					"$(inherited)",
				);
				GCC_WARN_64_TO_32_BIT_CONVERSION = YES;
				GCC_WARN_ABOUT_RETURN_TYPE = YES_ERROR;
				GCC_WARN_UNDECLARED_SELECTOR = YES;
				GCC_WARN_UNINITIALIZED_AUTOS = YES_AGGRESSIVE;
				GCC_WARN_UNUSED_FUNCTION = YES;
				GCC_WARN_UNUSED_VARIABLE = YES;
				IPHONEOS_DEPLOYMENT_TARGET = 17.4;
				LOCALIZATION_PREFERS_STRING_CATALOGS = YES;
				MTL_ENABLE_DEBUG_INFO = INCLUDE_SOURCE;
				MTL_FAST_MATH = YES;
				ONLY_ACTIVE_ARCH = YES;
				SDKROOT = iphoneos;
				SWIFT_ACTIVE_COMPILATION_CONDITIONS = "DEBUG $(inherited)";
				SWIFT_OPTIMIZATION_LEVEL = "-Onone";
			};
			name = Debug;
		};
		EF5839452C048EF400CE9337 /* Release */ = {
			isa = XCBuildConfiguration;
			buildSettings = {
				ALWAYS_SEARCH_USER_PATHS = NO;
				ASSETCATALOG_COMPILER_GENERATE_SWIFT_ASSET_SYMBOL_EXTENSIONS = YES;
				CLANG_ANALYZER_NONNULL = YES;
				CLANG_ANALYZER_NUMBER_OBJECT_CONVERSION = YES_AGGRESSIVE;
				CLANG_CXX_LANGUAGE_STANDARD = "gnu++20";
				CLANG_ENABLE_MODULES = YES;
				CLANG_ENABLE_OBJC_ARC = YES;
				CLANG_ENABLE_OBJC_WEAK = YES;
				CLANG_WARN_BLOCK_CAPTURE_AUTORELEASING = YES;
				CLANG_WARN_BOOL_CONVERSION = YES;
				CLANG_WARN_COMMA = YES;
				CLANG_WARN_CONSTANT_CONVERSION = YES;
				CLANG_WARN_DEPRECATED_OBJC_IMPLEMENTATIONS = YES;
				CLANG_WARN_DIRECT_OBJC_ISA_USAGE = YES_ERROR;
				CLANG_WARN_DOCUMENTATION_COMMENTS = YES;
				CLANG_WARN_EMPTY_BODY = YES;
				CLANG_WARN_ENUM_CONVERSION = YES;
				CLANG_WARN_INFINITE_RECURSION = YES;
				CLANG_WARN_INT_CONVERSION = YES;
				CLANG_WARN_NON_LITERAL_NULL_CONVERSION = YES;
				CLANG_WARN_OBJC_IMPLICIT_RETAIN_SELF = YES;
				CLANG_WARN_OBJC_LITERAL_CONVERSION = YES;
				CLANG_WARN_OBJC_ROOT_CLASS = YES_ERROR;
				CLANG_WARN_QUOTED_INCLUDE_IN_FRAMEWORK_HEADER = YES;
				CLANG_WARN_RANGE_LOOP_ANALYSIS = YES;
				CLANG_WARN_STRICT_PROTOTYPES = YES;
				CLANG_WARN_SUSPICIOUS_MOVE = YES;
				CLANG_WARN_UNGUARDED_AVAILABILITY = YES_AGGRESSIVE;
				CLANG_WARN_UNREACHABLE_CODE = YES;
				CLANG_WARN__DUPLICATE_METHOD_MATCH = YES;
				COPY_PHASE_STRIP = NO;
				DEBUG_INFORMATION_FORMAT = "dwarf-with-dsym";
				ENABLE_NS_ASSERTIONS = NO;
				ENABLE_STRICT_OBJC_MSGSEND = YES;
				ENABLE_USER_SCRIPT_SANDBOXING = YES;
				GCC_C_LANGUAGE_STANDARD = gnu17;
				GCC_NO_COMMON_BLOCKS = YES;
				GCC_WARN_64_TO_32_BIT_CONVERSION = YES;
				GCC_WARN_ABOUT_RETURN_TYPE = YES_ERROR;
				GCC_WARN_UNDECLARED_SELECTOR = YES;
				GCC_WARN_UNINITIALIZED_AUTOS = YES_AGGRESSIVE;
				GCC_WARN_UNUSED_FUNCTION = YES;
				GCC_WARN_UNUSED_VARIABLE = YES;
				IPHONEOS_DEPLOYMENT_TARGET = 17.4;
				LOCALIZATION_PREFERS_STRING_CATALOGS = YES;
				MTL_ENABLE_DEBUG_INFO = NO;
				MTL_FAST_MATH = YES;
				SDKROOT = iphoneos;
				SWIFT_COMPILATION_MODE = wholemodule;
				VALIDATE_PRODUCT = YES;
			};
			name = Release;
		};
		EF5839472C048EF400CE9337 /* Debug */ = {
			isa = XCBuildConfiguration;
			buildSettings = {
				ASSETCATALOG_COMPILER_APPICON_NAME = AppIcon;
				ASSETCATALOG_COMPILER_GLOBAL_ACCENT_COLOR_NAME = AccentColor;
				CLANG_ENABLE_MODULES = YES;
				"CODE_SIGN_IDENTITY[sdk=iphoneos*]" = "iPhone Developer";
				CODE_SIGN_STYLE = Manual;
				CURRENT_PROJECT_VERSION = 1;
				DEVELOPMENT_TEAM = "";
				"DEVELOPMENT_TEAM[sdk=iphoneos*]" = 3S952AGH46;
				FRAMEWORK_SEARCH_PATHS = (
					"$(inherited)",
					"$(PROJECT_DIR)/OpenCVCanny",
					"$(PROJECT_DIR)/OpenCVCanny/opencv2.framework",
					"$(PROJECT_DIR)",
				);
				GCC_PREFIX_HEADER = "$(SRCROOT)/PrefixHeader.pch";
				GENERATE_INFOPLIST_FILE = YES;
				INFOPLIST_FILE = OpenCVCanny/Info.plist;
				INFOPLIST_KEY_UIApplicationSupportsIndirectInputEvents = YES;
				INFOPLIST_KEY_UILaunchStoryboardName = LaunchScreen;
				INFOPLIST_KEY_UIMainStoryboardFile = Main;
				INFOPLIST_KEY_UISupportedInterfaceOrientations_iPad = "UIInterfaceOrientationPortrait UIInterfaceOrientationPortraitUpsideDown UIInterfaceOrientationLandscapeLeft UIInterfaceOrientationLandscapeRight";
				INFOPLIST_KEY_UISupportedInterfaceOrientations_iPhone = "UIInterfaceOrientationPortrait UIInterfaceOrientationLandscapeLeft UIInterfaceOrientationLandscapeRight";
				LD_RUNPATH_SEARCH_PATHS = (
					"$(inherited)",
					"@executable_path/Frameworks",
				);
				MARKETING_VERSION = 1.0;
				PRODUCT_BUNDLE_IDENTIFIER = es.ua.mastermoviles.dsl.OpenCVCanny;
				PRODUCT_NAME = "$(TARGET_NAME)";
				PROVISIONING_PROFILE_SPECIFIER = "";
				"PROVISIONING_PROFILE_SPECIFIER[sdk=iphoneos*]" = "Genérico";
				SWIFT_EMIT_LOC_STRINGS = YES;
				SWIFT_OBJC_BRIDGING_HEADER = "OpenCVCanny/OpenCVCanny-Bridging-Header.h";
				SWIFT_OPTIMIZATION_LEVEL = "-Onone";
				SWIFT_VERSION = 5.0;
				TARGETED_DEVICE_FAMILY = "1,2";
			};
			name = Debug;
		};
		EF5839482C048EF400CE9337 /* Release */ = {
			isa = XCBuildConfiguration;
			buildSettings = {
				ASSETCATALOG_COMPILER_APPICON_NAME = AppIcon;
				ASSETCATALOG_COMPILER_GLOBAL_ACCENT_COLOR_NAME = AccentColor;
				CLANG_ENABLE_MODULES = YES;
				"CODE_SIGN_IDENTITY[sdk=iphoneos*]" = "iPhone Developer";
				CODE_SIGN_STYLE = Manual;
				CURRENT_PROJECT_VERSION = 1;
				DEVELOPMENT_TEAM = "";
				"DEVELOPMENT_TEAM[sdk=iphoneos*]" = 3S952AGH46;
				FRAMEWORK_SEARCH_PATHS = (
					"$(inherited)",
					"$(PROJECT_DIR)/OpenCVCanny",
					"$(PROJECT_DIR)/OpenCVCanny/opencv2.framework",
					"$(PROJECT_DIR)",
				);
				GCC_PREFIX_HEADER = "$(SRCROOT)/PrefixHeader.pch";
				GENERATE_INFOPLIST_FILE = YES;
				INFOPLIST_FILE = OpenCVCanny/Info.plist;
				INFOPLIST_KEY_UIApplicationSupportsIndirectInputEvents = YES;
				INFOPLIST_KEY_UILaunchStoryboardName = LaunchScreen;
				INFOPLIST_KEY_UIMainStoryboardFile = Main;
				INFOPLIST_KEY_UISupportedInterfaceOrientations_iPad = "UIInterfaceOrientationPortrait UIInterfaceOrientationPortraitUpsideDown UIInterfaceOrientationLandscapeLeft UIInterfaceOrientationLandscapeRight";
				INFOPLIST_KEY_UISupportedInterfaceOrientations_iPhone = "UIInterfaceOrientationPortrait UIInterfaceOrientationLandscapeLeft UIInterfaceOrientationLandscapeRight";
				LD_RUNPATH_SEARCH_PATHS = (
					"$(inherited)",
					"@executable_path/Frameworks",
				);
				MARKETING_VERSION = 1.0;
				PRODUCT_BUNDLE_IDENTIFIER = es.ua.mastermoviles.dsl.OpenCVCanny;
				PRODUCT_NAME = "$(TARGET_NAME)";
				PROVISIONING_PROFILE_SPECIFIER = "";
				"PROVISIONING_PROFILE_SPECIFIER[sdk=iphoneos*]" = "Genérico";
				SWIFT_EMIT_LOC_STRINGS = YES;
				SWIFT_OBJC_BRIDGING_HEADER = "OpenCVCanny/OpenCVCanny-Bridging-Header.h";
				SWIFT_VERSION = 5.0;
				TARGETED_DEVICE_FAMILY = "1,2";
			};
			name = Release;
		};
/* End XCBuildConfiguration section */

/* Begin XCConfigurationList section */
		EF58392D2C048EF200CE9337 /* Build configuration list for PBXProject "OpenCVCanny" */ = {
			isa = XCConfigurationList;
			buildConfigurations = (
				EF5839442C048EF400CE9337 /* Debug */,
				EF5839452C048EF400CE9337 /* Release */,
			);
			defaultConfigurationIsVisible = 0;
			defaultConfigurationName = Release;
		};
		EF5839462C048EF400CE9337 /* Build configuration list for PBXNativeTarget "OpenCVCanny" */ = {
			isa = XCConfigurationList;
			buildConfigurations = (
				EF5839472C048EF400CE9337 /* Debug */,
				EF5839482C048EF400CE9337 /* Release */,
			);
			defaultConfigurationIsVisible = 0;
			defaultConfigurationName = Release;
		};
/* End XCConfigurationList section */
	};
	rootObject = EF58392A2C048EF200CE9337 /* Project object */;
}
